
Microsoft Visual Studio Solution File, Format Version 12.00
# Visual Studio Version 16
VisualStudioVersion = 16.0.30804.86
MinimumVisualStudioVersion = 10.0.40219.1
Project("{FAE04EC0-301F-11D3-BF4B-00C04F79EFBC}") = "DayforceServiceSampleClient", "DayforceServiceSampleClient.csproj", "{786F7564-DCCD-44D0-B31B-A959E9389093}"
EndProject
Global
	GlobalSection(SolutionConfigurationPlatforms) = preSolution
		Debug|Any CPU = Debug|Any CPU
		Release|Any CPU = Release|Any CPU
	EndGlobalSection
	GlobalSection(ProjectConfigurationPlatforms) = postSolution
		{786F7564-DCCD-44D0-B31B-A959E9389093}.Debug|Any CPU.ActiveCfg = Debug|Any CPU
		{786F7564-DCCD-44D0-B31B-A959E9389093}.Debug|Any CPU.Build.0 = Debug|Any CPU
		{786F7564-DCCD-44D0-B31B-A959E9389093}.Release|Any CPU.ActiveCfg = Release|Any CPU
		{786F7564-DCCD-44D0-B31B-A959E9389093}.Release|Any CPU.Build.0 = Release|Any CPU
	EndGlobalSection
	GlobalSection(SolutionProperties) = preSolution
		HideSolutionNode = FALSE
	EndGlobalSection
	GlobalSection(ExtensibilityGlobals) = postSolution
		SolutionGuid = {6BCCBBEF-571A-46EE-BC57-ACA8D085D413}
	EndGlobalSection
EndGlobal
